
Microsoft Visual Studio Solution File, Format Version 12.00
# Visual Studio 15
VisualStudioVersion = 15.0.27703.2042
MinimumVisualStudioVersion = 10.0.40219.1
Project("{FAE04EC0-301F-11D3-BF4B-00C04F79EFBC}") = "RazorAjax", "RazorAjax\RazorAjax.csproj", "{54E9EBB0-FAE3-4450-895D-93B440EE71F8}"
EndProject
Global
	GlobalSection(SolutionConfigurationPlatforms) = preSolution
		Debug|Any CPU = Debug|Any CPU
		Release|Any CPU = Release|Any CPU
	EndGlobalSection
	GlobalSection(ProjectConfigurationPlatforms) = postSolution
		{54E9EBB0-FAE3-4450-895D-93B440EE71F8}.Debug|Any CPU.ActiveCfg = Debug|Any CPU
		{54E9EBB0-FAE3-4450-895D-93B440EE71F8}.Debug|Any CPU.Build.0 = Debug|Any CPU
		{54E9EBB0-FAE3-4450-895D-93B440EE71F8}.Release|Any CPU.ActiveCfg = Release|Any CPU
		{54E9EBB0-FAE3-4450-895D-93B440EE71F8}.Release|Any CPU.Build.0 = Release|Any CPU
	EndGlobalSection
	GlobalSection(SolutionProperties) = preSolution
		HideSolutionNode = FALSE
	EndGlobalSection
	GlobalSection(ExtensibilityGlobals) = postSolution
		SolutionGuid = {BBED94A8-3FE2-440C-B04A-63F7D8F6BAA2}
	EndGlobalSection
EndGlobal
